
Microsoft Visual Studio Solution File, Format Version 12.00
# Visual Studio Version 17
VisualStudioVersion = 17.1.31911.260
MinimumVisualStudioVersion = 10.0.40219.1
Project("{2150E333-8FDC-42A3-9474-1A3956D46DE8}") = "00. Solution Items", "00. Solution Items", "{E4E989DF-CDB7-4918-8D6D-56D4637AFE66}"
	ProjectSection(SolutionItems) = preProject
		..\README.md = ..\README.md
	EndProjectSection
EndProject
Project("{2150E333-8FDC-42A3-9474-1A3956D46DE8}") = "10. Framework", "10. Framework", "{A9551DB3-F9E6-46A5-B5C8-C663CC83D0B6}"
EndProject
Project("{2150E333-8FDC-42A3-9474-1A3956D46DE8}") = "20. Libraries", "20. Libraries", "{275154D3-2B21-4002-8563-23273AB85DB5}"
EndProject
Project("{2150E333-8FDC-42A3-9474-1A3956D46DE8}") = "40. Data", "40. Data", "{693C14E5-1177-41E6-9043-027EE3200713}"
EndProject
Project("{2150E333-8FDC-42A3-9474-1A3956D46DE8}") = "50. Services", "50. Services", "{380CAE89-61BD-4CA5-B593-72A51FC0C356}"
EndProject
Project("{2150E333-8FDC-42A3-9474-1A3956D46DE8}") = "60. Tools", "60. Tools", "{6A4173C1-7BB4-4405-8E79-B86B506AF73B}"
EndProject
Project("{2150E333-8FDC-42A3-9474-1A3956D46DE8}") = "70. Tests", "70. Tests", "{B4447E2E-A444-48C2-8265-91EA85BB909A}"
EndProject
Project("{9A19103F-16F7-4668-BE54-9A1E7A4F7556}") = "CG.Orange.Primitives", "Libraries\CG.Orange.Primitives\CG.Orange.Primitives.csproj", "{F194AC06-1395-4342-89E8-84F4FF92A256}"
EndProject
Project("{9A19103F-16F7-4668-BE54-9A1E7A4F7556}") = "CG.Orange.Abstractions", "Libraries\CG.Orange.Abstractions\CG.Orange.Abstractions.csproj", "{348A67A4-2780-43F4-B791-A52438DCA837}"
EndProject
Project("{9A19103F-16F7-4668-BE54-9A1E7A4F7556}") = "CG.Orange", "Libraries\CG.Orange\CG.Orange.csproj", "{E76BB11A-52AD-436F-8697-1C8DCDF99FFF}"
EndProject
Project("{9A19103F-16F7-4668-BE54-9A1E7A4F7556}") = "CG.Orange.Host", "Services\CG.Orange.Host\CG.Orange.Host.csproj", "{C5D4AFD6-AE3E-4A9B-A776-6C69DE25F2B1}"
EndProject
Project("{2150E333-8FDC-42A3-9474-1A3956D46DE8}") = "30. Providers", "30. Providers", "{344ACA6F-897D-49CD-86D3-15D77E0B6EED}"
EndProject
Project("{9A19103F-16F7-4668-BE54-9A1E7A4F7556}") = "CG.Orange.Host.Controllers", "Services\CG.Orange.Host.Controllers\CG.Orange.Host.Controllers.csproj", "{257E1426-9A05-4802-ABD1-BBC0252A601D}"
EndProject
Project("{9A19103F-16F7-4668-BE54-9A1E7A4F7556}") = "CG.Orange.Providers.Azure", "Providers\CG.Orange.Providers.Azure\CG.Orange.Providers.Azure.csproj", "{9ACE5196-8D33-4043-920E-7F0E2C5EAF6C}"
EndProject
Project("{9A19103F-16F7-4668-BE54-9A1E7A4F7556}") = "CG.Orange.Clients", "Framework\CG.Orange.Clients\CG.Orange.Clients.csproj", "{9978E732-96C0-4BCB-B30D-2FC45F27BCAD}"
EndProject
Project("{9A19103F-16F7-4668-BE54-9A1E7A4F7556}") = "CG.Orange.Seeding", "Libraries\CG.Orange.Seeding\CG.Orange.Seeding.csproj", "{66E68151-B9FF-4C76-96F6-F9B64F40B643}"
EndProject
Project("{9A19103F-16F7-4668-BE54-9A1E7A4F7556}") = "CG.Orange.EfCore", "Data\CG.Orange.EfCore\CG.Orange.EfCore.csproj", "{B73600B6-8F62-4805-AD6C-CE18C2C861F1}"
EndProject
Global
	GlobalSection(SolutionConfigurationPlatforms) = preSolution
		Debug|Any CPU = Debug|Any CPU
		Release|Any CPU = Release|Any CPU
	EndGlobalSection
	GlobalSection(ProjectConfigurationPlatforms) = postSolution
		{F194AC06-1395-4342-89E8-84F4FF92A256}.Debug|Any CPU.ActiveCfg = Debug|Any CPU
		{F194AC06-1395-4342-89E8-84F4FF92A256}.Debug|Any CPU.Build.0 = Debug|Any CPU
		{F194AC06-1395-4342-89E8-84F4FF92A256}.Release|Any CPU.ActiveCfg = Release|Any CPU
		{F194AC06-1395-4342-89E8-84F4FF92A256}.Release|Any CPU.Build.0 = Release|Any CPU
		{348A67A4-2780-43F4-B791-A52438DCA837}.Debug|Any CPU.ActiveCfg = Debug|Any CPU
		{348A67A4-2780-43F4-B791-A52438DCA837}.Debug|Any CPU.Build.0 = Debug|Any CPU
		{348A67A4-2780-43F4-B791-A52438DCA837}.Release|Any CPU.ActiveCfg = Release|Any CPU
		{348A67A4-2780-43F4-B791-A52438DCA837}.Release|Any CPU.Build.0 = Release|Any CPU
		{E76BB11A-52AD-436F-8697-1C8DCDF99FFF}.Debug|Any CPU.ActiveCfg = Debug|Any CPU
		{E76BB11A-52AD-436F-8697-1C8DCDF99FFF}.Debug|Any CPU.Build.0 = Debug|Any CPU
		{E76BB11A-52AD-436F-8697-1C8DCDF99FFF}.Release|Any CPU.ActiveCfg = Release|Any CPU
		{E76BB11A-52AD-436F-8697-1C8DCDF99FFF}.Release|Any CPU.Build.0 = Release|Any CPU
		{C5D4AFD6-AE3E-4A9B-A776-6C69DE25F2B1}.Debug|Any CPU.ActiveCfg = Debug|Any CPU
		{C5D4AFD6-AE3E-4A9B-A776-6C69DE25F2B1}.Debug|Any CPU.Build.0 = Debug|Any CPU
		{C5D4AFD6-AE3E-4A9B-A776-6C69DE25F2B1}.Release|Any CPU.ActiveCfg = Release|Any CPU
		{C5D4AFD6-AE3E-4A9B-A776-6C69DE25F2B1}.Release|Any CPU.Build.0 = Release|Any CPU
		{257E1426-9A05-4802-ABD1-BBC0252A601D}.Debug|Any CPU.ActiveCfg = Debug|Any CPU
		{257E1426-9A05-4802-ABD1-BBC0252A601D}.Debug|Any CPU.Build.0 = Debug|Any CPU
		{257E1426-9A05-4802-ABD1-BBC0252A601D}.Release|Any CPU.ActiveCfg = Release|Any CPU
		{257E1426-9A05-4802-ABD1-BBC0252A601D}.Release|Any CPU.Build.0 = Release|Any CPU
		{9ACE5196-8D33-4043-920E-7F0E2C5EAF6C}.Debug|Any CPU.ActiveCfg = Debug|Any CPU
		{9ACE5196-8D33-4043-920E-7F0E2C5EAF6C}.Debug|Any CPU.Build.0 = Debug|Any CPU
		{9ACE5196-8D33-4043-920E-7F0E2C5EAF6C}.Release|Any CPU.ActiveCfg = Release|Any CPU
		{9ACE5196-8D33-4043-920E-7F0E2C5EAF6C}.Release|Any CPU.Build.0 = Release|Any CPU
		{9978E732-96C0-4BCB-B30D-2FC45F27BCAD}.Debug|Any CPU.ActiveCfg = Debug|Any CPU
		{9978E732-96C0-4BCB-B30D-2FC45F27BCAD}.Debug|Any CPU.Build.0 = Debug|Any CPU
		{9978E732-96C0-4BCB-B30D-2FC45F27BCAD}.Release|Any CPU.ActiveCfg = Release|Any CPU
		{9978E732-96C0-4BCB-B30D-2FC45F27BCAD}.Release|Any CPU.Build.0 = Release|Any CPU
		{66E68151-B9FF-4C76-96F6-F9B64F40B643}.Debug|Any CPU.ActiveCfg = Debug|Any CPU
		{66E68151-B9FF-4C76-96F6-F9B64F40B643}.Debug|Any CPU.Build.0 = Debug|Any CPU
		{66E68151-B9FF-4C76-96F6-F9B64F40B643}.Release|Any CPU.ActiveCfg = Release|Any CPU
		{66E68151-B9FF-4C76-96F6-F9B64F40B643}.Release|Any CPU.Build.0 = Release|Any CPU
		{B73600B6-8F62-4805-AD6C-CE18C2C861F1}.Debug|Any CPU.ActiveCfg = Debug|Any CPU
		{B73600B6-8F62-4805-AD6C-CE18C2C861F1}.Debug|Any CPU.Build.0 = Debug|Any CPU
		{B73600B6-8F62-4805-AD6C-CE18C2C861F1}.Release|Any CPU.ActiveCfg = Release|Any CPU
		{B73600B6-8F62-4805-AD6C-CE18C2C861F1}.Release|Any CPU.Build.0 = Release|Any CPU
	EndGlobalSection
	GlobalSection(SolutionProperties) = preSolution
		HideSolutionNode = FALSE
	EndGlobalSection
	GlobalSection(NestedProjects) = preSolution
		{F194AC06-1395-4342-89E8-84F4FF92A256} = {275154D3-2B21-4002-8563-23273AB85DB5}
		{348A67A4-2780-43F4-B791-A52438DCA837} = {275154D3-2B21-4002-8563-23273AB85DB5}
		{E76BB11A-52AD-436F-8697-1C8DCDF99FFF} = {275154D3-2B21-4002-8563-23273AB85DB5}
		{C5D4AFD6-AE3E-4A9B-A776-6C69DE25F2B1} = {380CAE89-61BD-4CA5-B593-72A51FC0C356}
		{257E1426-9A05-4802-ABD1-BBC0252A601D} = {380CAE89-61BD-4CA5-B593-72A51FC0C356}
		{9ACE5196-8D33-4043-920E-7F0E2C5EAF6C} = {344ACA6F-897D-49CD-86D3-15D77E0B6EED}
		{9978E732-96C0-4BCB-B30D-2FC45F27BCAD} = {A9551DB3-F9E6-46A5-B5C8-C663CC83D0B6}
		{66E68151-B9FF-4C76-96F6-F9B64F40B643} = {275154D3-2B21-4002-8563-23273AB85DB5}
		{B73600B6-8F62-4805-AD6C-CE18C2C861F1} = {693C14E5-1177-41E6-9043-027EE3200713}
	EndGlobalSection
	GlobalSection(ExtensibilityGlobals) = postSolution
		SolutionGuid = {EEC32BA8-889C-4B43-9C02-A0A4AA7DFE38}
	EndGlobalSection
EndGlobal
